
Microsoft Visual Studio Solution File, Format Version 12.00
# Visual Studio Version 17
VisualStudioVersion = 17.7.34221.43
MinimumVisualStudioVersion = 10.0.40219.1
Project("{E24C65DC-7377-472B-9ABA-BC803B73C61A}") = "Happy_Kids", "http://localhost:54449", "{B60E6263-BDDA-4B33-B404-8CF7603A8616}"
	ProjectSection(WebsiteProperties) = preProject
		UseIISExpress = "true"
		TargetFrameworkMoniker = ".NETFramework,Version%3Dv4.8"
		Debug.AspNetCompiler.VirtualPath = "/localhost_54449"
		Debug.AspNetCompiler.PhysicalPath = "Happy-Kids-Project\"
		Debug.AspNetCompiler.TargetPath = "PrecompiledWeb\localhost_54449\"
		Debug.AspNetCompiler.Updateable = "true"
		Debug.AspNetCompiler.ForceOverwrite = "true"
		Debug.AspNetCompiler.FixedNames = "false"
		Debug.AspNetCompiler.Debug = "True"
		Release.AspNetCompiler.VirtualPath = "/localhost_54449"
		Release.AspNetCompiler.PhysicalPath = "Happy-Kids-Project\"
		Release.AspNetCompiler.TargetPath = "PrecompiledWeb\localhost_54449\"
		Release.AspNetCompiler.Updateable = "true"
		Release.AspNetCompiler.ForceOverwrite = "true"
		Release.AspNetCompiler.FixedNames = "false"
		Release.AspNetCompiler.Debug = "False"
		SlnRelativePath = "Happy-Kids-Project\"
	EndProjectSection
EndProject
Global
	GlobalSection(SolutionConfigurationPlatforms) = preSolution
		Debug|Any CPU = Debug|Any CPU
	EndGlobalSection
	GlobalSection(ProjectConfigurationPlatforms) = postSolution
		{B60E6263-BDDA-4B33-B404-8CF7603A8616}.Debug|Any CPU.ActiveCfg = Debug|Any CPU
		{B60E6263-BDDA-4B33-B404-8CF7603A8616}.Debug|Any CPU.Build.0 = Debug|Any CPU
	EndGlobalSection
	GlobalSection(SolutionProperties) = preSolution
		HideSolutionNode = FALSE
	EndGlobalSection
	GlobalSection(ExtensibilityGlobals) = postSolution
		SolutionGuid = {C7F5749E-029E-472C-A9F3-FD7490F50645}
	EndGlobalSection
EndGlobal
